
Microsoft Visual Studio Solution File, Format Version 12.00
# Visual Studio Version 17
VisualStudioVersion = 17.0.31903.59
MinimumVisualStudioVersion = 10.0.40219.1
Project("{2150E333-8FDC-42A3-9474-1A3956D46DE8}") = "Solution Items", "Solution Items", "{AFA07ADD-2631-4E37-957A-F59C58E32F2B}"
	ProjectSection(SolutionItems) = preProject
		delivery-plan.md = delivery-plan.md
		project-evaluation.md = project-evaluation.md
		README.md = README.md
		software-architecture.md = software-architecture.md
		solution-requirements.md = solution-requirements.md
		user-stories.md = user-stories.md
	EndProjectSection
EndProject
Project("{FAE04EC0-301F-11D3-BF4B-00C04F79EFBC}") = "TodoListApp.WebApi", "TodoListApp.WebApi\TodoListApp.WebApi.csproj", "{191567E7-0065-4F9D-9699-3ADCC9104358}"
EndProject
Project("{FAE04EC0-301F-11D3-BF4B-00C04F79EFBC}") = "TodoListApp.WebApi.Models", "TodoListApp.WebApi.Models\TodoListApp.WebApi.Models.csproj", "{03FFF245-759C-4DF8-A066-7D07B8D9EFA6}"
EndProject
Project("{FAE04EC0-301F-11D3-BF4B-00C04F79EFBC}") = "TodoListApp.Services", "TodoListApp.Services\TodoListApp.Services.csproj", "{056BF8BD-F0F7-47CF-AD23-38E2767C4414}"
EndProject
Project("{FAE04EC0-301F-11D3-BF4B-00C04F79EFBC}") = "TodoListApp.Contracts", "TodoListApp.Contracts\TodoListApp.Contracts.csproj", "{F59CA6D0-6575-41AF-BC37-C6E6ED5FAC2B}"
EndProject
Project("{FAE04EC0-301F-11D3-BF4B-00C04F79EFBC}") = "TodoListApp.Entities", "TodoListApp.Entities\TodoListApp.Entities.csproj", "{52F14965-B2B9-4C4B-B3C5-DB3C5C3E1559}"
EndProject
Project("{FAE04EC0-301F-11D3-BF4B-00C04F79EFBC}") = "TodoListApp.Infrastructure.Data", "TodoListApp.Infrastructure.Data\TodoListApp.Infrastructure.Data.csproj", "{925A5DC7-D8AF-4956-949C-AE8494601E2F}"
EndProject
Project("{FAE04EC0-301F-11D3-BF4B-00C04F79EFBC}") = "TodoListApp.WebApp", "WebApp\TodoListApp.WebApp.csproj", "{75421DEA-7F20-45D2-93F4-0A067435709D}"
EndProject
Global
	GlobalSection(SolutionConfigurationPlatforms) = preSolution
		Debug|Any CPU = Debug|Any CPU
		Debug|x64 = Debug|x64
		Debug|x86 = Debug|x86
		Release|Any CPU = Release|Any CPU
		Release|x64 = Release|x64
		Release|x86 = Release|x86
	EndGlobalSection
	GlobalSection(ProjectConfigurationPlatforms) = postSolution
		{191567E7-0065-4F9D-9699-3ADCC9104358}.Debug|Any CPU.ActiveCfg = Debug|Any CPU
		{191567E7-0065-4F9D-9699-3ADCC9104358}.Debug|Any CPU.Build.0 = Debug|Any CPU
		{191567E7-0065-4F9D-9699-3ADCC9104358}.Debug|x64.ActiveCfg = Debug|Any CPU
		{191567E7-0065-4F9D-9699-3ADCC9104358}.Debug|x64.Build.0 = Debug|Any CPU
		{191567E7-0065-4F9D-9699-3ADCC9104358}.Debug|x86.ActiveCfg = Debug|Any CPU
		{191567E7-0065-4F9D-9699-3ADCC9104358}.Debug|x86.Build.0 = Debug|Any CPU
		{191567E7-0065-4F9D-9699-3ADCC9104358}.Release|Any CPU.ActiveCfg = Release|Any CPU
		{191567E7-0065-4F9D-9699-3ADCC9104358}.Release|Any CPU.Build.0 = Release|Any CPU
		{191567E7-0065-4F9D-9699-3ADCC9104358}.Release|x64.ActiveCfg = Release|Any CPU
		{191567E7-0065-4F9D-9699-3ADCC9104358}.Release|x64.Build.0 = Release|Any CPU
		{191567E7-0065-4F9D-9699-3ADCC9104358}.Release|x86.ActiveCfg = Release|Any CPU
		{191567E7-0065-4F9D-9699-3ADCC9104358}.Release|x86.Build.0 = Release|Any CPU
		{03FFF245-759C-4DF8-A066-7D07B8D9EFA6}.Debug|Any CPU.ActiveCfg = Debug|Any CPU
		{03FFF245-759C-4DF8-A066-7D07B8D9EFA6}.Debug|Any CPU.Build.0 = Debug|Any CPU
		{03FFF245-759C-4DF8-A066-7D07B8D9EFA6}.Debug|x64.ActiveCfg = Debug|Any CPU
		{03FFF245-759C-4DF8-A066-7D07B8D9EFA6}.Debug|x64.Build.0 = Debug|Any CPU
		{03FFF245-759C-4DF8-A066-7D07B8D9EFA6}.Debug|x86.ActiveCfg = Debug|Any CPU
		{03FFF245-759C-4DF8-A066-7D07B8D9EFA6}.Debug|x86.Build.0 = Debug|Any CPU
		{03FFF245-759C-4DF8-A066-7D07B8D9EFA6}.Release|Any CPU.ActiveCfg = Release|Any CPU
		{03FFF245-759C-4DF8-A066-7D07B8D9EFA6}.Release|Any CPU.Build.0 = Release|Any CPU
		{03FFF245-759C-4DF8-A066-7D07B8D9EFA6}.Release|x64.ActiveCfg = Release|Any CPU
		{03FFF245-759C-4DF8-A066-7D07B8D9EFA6}.Release|x64.Build.0 = Release|Any CPU
		{03FFF245-759C-4DF8-A066-7D07B8D9EFA6}.Release|x86.ActiveCfg = Release|Any CPU
		{03FFF245-759C-4DF8-A066-7D07B8D9EFA6}.Release|x86.Build.0 = Release|Any CPU
		{056BF8BD-F0F7-47CF-AD23-38E2767C4414}.Debug|Any CPU.ActiveCfg = Debug|Any CPU
		{056BF8BD-F0F7-47CF-AD23-38E2767C4414}.Debug|Any CPU.Build.0 = Debug|Any CPU
		{056BF8BD-F0F7-47CF-AD23-38E2767C4414}.Debug|x64.ActiveCfg = Debug|Any CPU
		{056BF8BD-F0F7-47CF-AD23-38E2767C4414}.Debug|x64.Build.0 = Debug|Any CPU
		{056BF8BD-F0F7-47CF-AD23-38E2767C4414}.Debug|x86.ActiveCfg = Debug|Any CPU
		{056BF8BD-F0F7-47CF-AD23-38E2767C4414}.Debug|x86.Build.0 = Debug|Any CPU
		{056BF8BD-F0F7-47CF-AD23-38E2767C4414}.Release|Any CPU.ActiveCfg = Release|Any CPU
		{056BF8BD-F0F7-47CF-AD23-38E2767C4414}.Release|Any CPU.Build.0 = Release|Any CPU
		{056BF8BD-F0F7-47CF-AD23-38E2767C4414}.Release|x64.ActiveCfg = Release|Any CPU
		{056BF8BD-F0F7-47CF-AD23-38E2767C4414}.Release|x64.Build.0 = Release|Any CPU
		{056BF8BD-F0F7-47CF-AD23-38E2767C4414}.Release|x86.ActiveCfg = Release|Any CPU
		{056BF8BD-F0F7-47CF-AD23-38E2767C4414}.Release|x86.Build.0 = Release|Any CPU
		{F59CA6D0-6575-41AF-BC37-C6E6ED5FAC2B}.Debug|Any CPU.ActiveCfg = Debug|Any CPU
		{F59CA6D0-6575-41AF-BC37-C6E6ED5FAC2B}.Debug|Any CPU.Build.0 = Debug|Any CPU
		{F59CA6D0-6575-41AF-BC37-C6E6ED5FAC2B}.Debug|x64.ActiveCfg = Debug|Any CPU
		{F59CA6D0-6575-41AF-BC37-C6E6ED5FAC2B}.Debug|x64.Build.0 = Debug|Any CPU
		{F59CA6D0-6575-41AF-BC37-C6E6ED5FAC2B}.Debug|x86.ActiveCfg = Debug|Any CPU
		{F59CA6D0-6575-41AF-BC37-C6E6ED5FAC2B}.Debug|x86.Build.0 = Debug|Any CPU
		{F59CA6D0-6575-41AF-BC37-C6E6ED5FAC2B}.Release|Any CPU.ActiveCfg = Release|Any CPU
		{F59CA6D0-6575-41AF-BC37-C6E6ED5FAC2B}.Release|Any CPU.Build.0 = Release|Any CPU
		{F59CA6D0-6575-41AF-BC37-C6E6ED5FAC2B}.Release|x64.ActiveCfg = Release|Any CPU
		{F59CA6D0-6575-41AF-BC37-C6E6ED5FAC2B}.Release|x64.Build.0 = Release|Any CPU
		{F59CA6D0-6575-41AF-BC37-C6E6ED5FAC2B}.Release|x86.ActiveCfg = Release|Any CPU
		{F59CA6D0-6575-41AF-BC37-C6E6ED5FAC2B}.Release|x86.Build.0 = Release|Any CPU
		{52F14965-B2B9-4C4B-B3C5-DB3C5C3E1559}.Debug|Any CPU.ActiveCfg = Debug|Any CPU
		{52F14965-B2B9-4C4B-B3C5-DB3C5C3E1559}.Debug|Any CPU.Build.0 = Debug|Any CPU
		{52F14965-B2B9-4C4B-B3C5-DB3C5C3E1559}.Debug|x64.ActiveCfg = Debug|Any CPU
		{52F14965-B2B9-4C4B-B3C5-DB3C5C3E1559}.Debug|x64.Build.0 = Debug|Any CPU
		{52F14965-B2B9-4C4B-B3C5-DB3C5C3E1559}.Debug|x86.ActiveCfg = Debug|Any CPU
		{52F14965-B2B9-4C4B-B3C5-DB3C5C3E1559}.Debug|x86.Build.0 = Debug|Any CPU
		{52F14965-B2B9-4C4B-B3C5-DB3C5C3E1559}.Release|Any CPU.ActiveCfg = Release|Any CPU
		{52F14965-B2B9-4C4B-B3C5-DB3C5C3E1559}.Release|Any CPU.Build.0 = Release|Any CPU
		{52F14965-B2B9-4C4B-B3C5-DB3C5C3E1559}.Release|x64.ActiveCfg = Release|Any CPU
		{52F14965-B2B9-4C4B-B3C5-DB3C5C3E1559}.Release|x64.Build.0 = Release|Any CPU
		{52F14965-B2B9-4C4B-B3C5-DB3C5C3E1559}.Release|x86.ActiveCfg = Release|Any CPU
		{52F14965-B2B9-4C4B-B3C5-DB3C5C3E1559}.Release|x86.Build.0 = Release|Any CPU
		{925A5DC7-D8AF-4956-949C-AE8494601E2F}.Debug|Any CPU.ActiveCfg = Debug|Any CPU
		{925A5DC7-D8AF-4956-949C-AE8494601E2F}.Debug|Any CPU.Build.0 = Debug|Any CPU
		{925A5DC7-D8AF-4956-949C-AE8494601E2F}.Debug|x64.ActiveCfg = Debug|Any CPU
		{925A5DC7-D8AF-4956-949C-AE8494601E2F}.Debug|x64.Build.0 = Debug|Any CPU
		{925A5DC7-D8AF-4956-949C-AE8494601E2F}.Debug|x86.ActiveCfg = Debug|Any CPU
		{925A5DC7-D8AF-4956-949C-AE8494601E2F}.Debug|x86.Build.0 = Debug|Any CPU
		{925A5DC7-D8AF-4956-949C-AE8494601E2F}.Release|Any CPU.ActiveCfg = Release|Any CPU
		{925A5DC7-D8AF-4956-949C-AE8494601E2F}.Release|Any CPU.Build.0 = Release|Any CPU
		{925A5DC7-D8AF-4956-949C-AE8494601E2F}.Release|x64.ActiveCfg = Release|Any CPU
		{925A5DC7-D8AF-4956-949C-AE8494601E2F}.Release|x64.Build.0 = Release|Any CPU
		{925A5DC7-D8AF-4956-949C-AE8494601E2F}.Release|x86.ActiveCfg = Release|Any CPU
		{925A5DC7-D8AF-4956-949C-AE8494601E2F}.Release|x86.Build.0 = Release|Any CPU
		{75421DEA-7F20-45D2-93F4-0A067435709D}.Debug|Any CPU.ActiveCfg = Debug|Any CPU
		{75421DEA-7F20-45D2-93F4-0A067435709D}.Debug|Any CPU.Build.0 = Debug|Any CPU
		{75421DEA-7F20-45D2-93F4-0A067435709D}.Debug|x64.ActiveCfg = Debug|Any CPU
		{75421DEA-7F20-45D2-93F4-0A067435709D}.Debug|x64.Build.0 = Debug|Any CPU
		{75421DEA-7F20-45D2-93F4-0A067435709D}.Debug|x86.ActiveCfg = Debug|Any CPU
		{75421DEA-7F20-45D2-93F4-0A067435709D}.Debug|x86.Build.0 = Debug|Any CPU
		{75421DEA-7F20-45D2-93F4-0A067435709D}.Release|Any CPU.ActiveCfg = Release|Any CPU
		{75421DEA-7F20-45D2-93F4-0A067435709D}.Release|Any CPU.Build.0 = Release|Any CPU
		{75421DEA-7F20-45D2-93F4-0A067435709D}.Release|x64.ActiveCfg = Release|Any CPU
		{75421DEA-7F20-45D2-93F4-0A067435709D}.Release|x64.Build.0 = Release|Any CPU
		{75421DEA-7F20-45D2-93F4-0A067435709D}.Release|x86.ActiveCfg = Release|Any CPU
		{75421DEA-7F20-45D2-93F4-0A067435709D}.Release|x86.Build.0 = Release|Any CPU
	EndGlobalSection
	GlobalSection(SolutionProperties) = preSolution
		HideSolutionNode = FALSE
	EndGlobalSection
	GlobalSection(ExtensibilityGlobals) = postSolution
		SolutionGuid = {71075FF6-34FF-4DFB-BBA7-7654CC357608}
	EndGlobalSection
EndGlobal
